
Microsoft Visual Studio Solution File, Format Version 12.00
# Visual Studio Version 16
VisualStudioVersion = 16.0.29519.87
MinimumVisualStudioVersion = 10.0.40219.1
Project("{9A19103F-16F7-4668-BE54-9A1E7A4F7556}") = "GUI", "SemPrace_ITEJA_ICSHP\GUI.csproj", "{2CAAA59A-3300-4CD7-AD37-7C10BAA4C249}"
EndProject
Project("{FAE04EC0-301F-11D3-BF4B-00C04F79EFBC}") = "LanguageLogic", "LanguageLogic\LanguageLogic.csproj", "{5AF2F06B-B1BB-40EE-A23D-B9A61D61626C}"
EndProject
Global
	GlobalSection(SolutionConfigurationPlatforms) = preSolution
		Debug|Any CPU = Debug|Any CPU
		Release|Any CPU = Release|Any CPU
	EndGlobalSection
	GlobalSection(ProjectConfigurationPlatforms) = postSolution
		{2CAAA59A-3300-4CD7-AD37-7C10BAA4C249}.Debug|Any CPU.ActiveCfg = Debug|Any CPU
		{2CAAA59A-3300-4CD7-AD37-7C10BAA4C249}.Debug|Any CPU.Build.0 = Debug|Any CPU
		{2CAAA59A-3300-4CD7-AD37-7C10BAA4C249}.Release|Any CPU.ActiveCfg = Release|Any CPU
		{2CAAA59A-3300-4CD7-AD37-7C10BAA4C249}.Release|Any CPU.Build.0 = Release|Any CPU
		{5AF2F06B-B1BB-40EE-A23D-B9A61D61626C}.Debug|Any CPU.ActiveCfg = Debug|Any CPU
		{5AF2F06B-B1BB-40EE-A23D-B9A61D61626C}.Debug|Any CPU.Build.0 = Debug|Any CPU
		{5AF2F06B-B1BB-40EE-A23D-B9A61D61626C}.Release|Any CPU.ActiveCfg = Release|Any CPU
		{5AF2F06B-B1BB-40EE-A23D-B9A61D61626C}.Release|Any CPU.Build.0 = Release|Any CPU
	EndGlobalSection
	GlobalSection(SolutionProperties) = preSolution
		HideSolutionNode = FALSE
	EndGlobalSection
	GlobalSection(ExtensibilityGlobals) = postSolution
		SolutionGuid = {D7D30562-9E31-489F-8194-7E0D89FD4A23}
	EndGlobalSection
EndGlobal
